{
  "version": 4,
  "terraform_version": "1.9.8",
  "serial": 118,
  "lineage": "fc1dec65-297b-d0fc-bdbf-d1bd45b33c0c",
  "outputs": {
    "api_gateway_url": {
      "value": "arn:aws:execute-api:us-east-1:202533534284:87kxijha71",
      "type": "string"
    },
    "lambda_exec_role_arn": {
      "value": "arn:aws:iam::202533534284:role/lambda_exec_role",
      "type": "string"
    },
    "resume_bucket": {
      "value": "prafuls-resume-stored-tf",
      "type": "string"
    },
    "website_bucket_url": {
      "value": "prafuls-static-web-2025-tf.s3-website-us-east-1.amazonaws.com",
      "type": "string"
    }
  },
  "resources": [
    {
      "module": "module.api_gateway",
      "mode": "managed",
      "type": "aws_api_gateway_integration",
      "name": "download_integration",
      "provider": "provider[\"registry.terraform.io/hashicorp/aws\"]",
      "instances": [
        {
          "schema_version": 0,
          "attributes": {
            "cache_key_parameters": [],
            "cache_namespace": "jgn1jb",
            "connection_id": "",
            "connection_type": "INTERNET",
            "content_handling": "",
            "credentials": "",
            "http_method": "GET",
            "id": "agi-87kxijha71-jgn1jb-GET",
            "integration_http_method": "POST",
            "passthrough_behavior": "WHEN_NO_MATCH",
            "request_parameters": {},
            "request_templates": {},
            "resource_id": "jgn1jb",
            "rest_api_id": "87kxijha71",
            "timeout_milliseconds": 29000,
            "tls_config": [],
            "type": "AWS_PROXY",
            "uri": "arn:aws:apigateway:us-east-1:lambda:path/2015-03-31/functions/arn:aws:lambda:us-east-1:202533534284:function:download-function/invocations"
          },
          "sensitive_attributes": [],
          "private": "bnVsbA==",
          "dependencies": [
            "module.api_gateway.aws_api_gateway_method.download_method",
            "module.api_gateway.aws_api_gateway_resource.resume_resource",
            "module.api_gateway.aws_api_gateway_rest_api.webapp_api",
            "module.api_gateway.aws_lambda_permission.api_gateway_permission",
            "module.iam_roles.aws_iam_role.lambda_exec_role",
            "module.lambda_functions.aws_lambda_function.download_function",
            "module.lambda_functions.data.archive_file.download_function",
            "module.s3_static_website.aws_s3_bucket.resume_bucket"
          ]
        }
      ]
    },
    {
      "module": "module.api_gateway",
      "mode": "managed",
      "type": "aws_api_gateway_method",
      "name": "download_method",
      "provider": "provider[\"registry.terraform.io/hashicorp/aws\"]",
      "instances": [
        {
          "schema_version": 0,
          "attributes": {
            "api_key_required": false,
            "authorization": "NONE",
            "authorization_scopes": [],
            "authorizer_id": "",
            "http_method": "GET",
            "id": "agm-87kxijha71-jgn1jb-GET",
            "operation_name": "",
            "request_models": {},
            "request_parameters": {},
            "request_validator_id": "",
            "resource_id": "jgn1jb",
            "rest_api_id": "87kxijha71"
          },
          "sensitive_attributes": [],
          "private": "bnVsbA==",
          "dependencies": [
            "module.api_gateway.aws_api_gateway_resource.resume_resource",
            "module.api_gateway.aws_api_gateway_rest_api.webapp_api"
          ]
        }
      ]
    },
    {
      "module": "module.api_gateway",
      "mode": "managed",
      "type": "aws_api_gateway_resource",
      "name": "resume_resource",
      "provider": "provider[\"registry.terraform.io/hashicorp/aws\"]",
      "instances": [
        {
          "schema_version": 0,
          "attributes": {
            "id": "jgn1jb",
            "parent_id": "76wumizd94",
            "path": "/resume",
            "path_part": "resume",
            "rest_api_id": "87kxijha71"
          },
          "sensitive_attributes": [],
          "private": "bnVsbA==",
          "dependencies": [
            "module.api_gateway.aws_api_gateway_rest_api.webapp_api"
          ]
        }
      ]
    },
    {
      "module": "module.api_gateway",
      "mode": "managed",
      "type": "aws_api_gateway_rest_api",
      "name": "webapp_api",
      "provider": "provider[\"registry.terraform.io/hashicorp/aws\"]",
      "instances": [
        {
          "schema_version": 0,
          "attributes": {
            "api_key_source": "HEADER",
            "arn": "arn:aws:apigateway:us-east-1::/restapis/87kxijha71",
            "binary_media_types": [],
            "body": null,
            "created_date": "2024-11-07T02:01:46Z",
            "description": "",
            "disable_execute_api_endpoint": false,
            "endpoint_configuration": [
              {
                "types": [
                  "EDGE"
                ],
                "vpc_endpoint_ids": []
              }
            ],
            "execution_arn": "arn:aws:execute-api:us-east-1:202533534284:87kxijha71",
            "fail_on_warnings": null,
            "id": "87kxijha71",
            "minimum_compression_size": "",
            "name": "ResumeWebAppAPI",
            "parameters": null,
            "policy": "",
            "put_rest_api_mode": null,
            "root_resource_id": "76wumizd94",
            "tags": {},
            "tags_all": {}
          },
          "sensitive_attributes": [],
          "private": "bnVsbA=="
        }
      ]
    },
    {
      "module": "module.api_gateway",
      "mode": "managed",
      "type": "aws_lambda_permission",
      "name": "api_gateway_permission",
      "provider": "provider[\"registry.terraform.io/hashicorp/aws\"]",
      "instances": [
        {
          "schema_version": 0,
          "attributes": {
            "action": "lambda:InvokeFunction",
            "event_source_token": null,
            "function_name": "arn:aws:lambda:us-east-1:202533534284:function:download-function",
            "function_url_auth_type": null,
            "id": "AllowAPIGatewayInvoke",
            "principal": "apigateway.amazonaws.com",
            "principal_org_id": null,
            "qualifier": "",
            "source_account": null,
            "source_arn": "arn:aws:execute-api:us-east-1:202533534284:87kxijha71/*/*",
            "statement_id": "AllowAPIGatewayInvoke",
            "statement_id_prefix": ""
          },
          "sensitive_attributes": [],
          "private": "bnVsbA==",
          "dependencies": [
            "module.api_gateway.aws_api_gateway_rest_api.webapp_api",
            "module.iam_roles.aws_iam_role.lambda_exec_role",
            "module.lambda_functions.aws_lambda_function.download_function",
            "module.lambda_functions.data.archive_file.download_function",
            "module.s3_static_website.aws_s3_bucket.resume_bucket"
          ]
        }
      ]
    },
    {
      "module": "module.dynamodb_table",
      "mode": "managed",
      "type": "aws_dynamodb_table",
      "name": "visitor_counter",
      "provider": "provider[\"registry.terraform.io/hashicorp/aws\"]",
      "instances": [
        {
          "schema_version": 1,
          "attributes": {
            "arn": "arn:aws:dynamodb:us-east-1:202533534284:table/VisitorCounter",
            "attribute": [
              {
                "name": "id",
                "type": "S"
              }
            ],
            "billing_mode": "PAY_PER_REQUEST",
            "deletion_protection_enabled": false,
            "global_secondary_index": [],
            "hash_key": "id",
            "id": "VisitorCounter",
            "import_table": [],
            "local_secondary_index": [],
            "name": "VisitorCounter",
            "on_demand_throughput": [],
            "point_in_time_recovery": [
              {
                "enabled": false
              }
            ],
            "range_key": null,
            "read_capacity": 0,
            "replica": [],
            "restore_date_time": null,
            "restore_source_name": null,
            "restore_source_table_arn": null,
            "restore_to_latest_time": null,
            "server_side_encryption": [],
            "stream_arn": "",
            "stream_enabled": false,
            "stream_label": "",
            "stream_view_type": "",
            "table_class": "STANDARD",
            "tags": {},
            "tags_all": {},
            "timeouts": null,
            "ttl": [
              {
                "attribute_name": "",
                "enabled": false
              }
            ],
            "write_capacity": 0
          },
          "sensitive_attributes": [],
          "private": "eyJlMmJmYjczMC1lY2FhLTExZTYtOGY4OC0zNDM2M2JjN2M0YzAiOnsiY3JlYXRlIjoxODAwMDAwMDAwMDAwLCJkZWxldGUiOjYwMDAwMDAwMDAwMCwidXBkYXRlIjozNjAwMDAwMDAwMDAwfSwic2NoZW1hX3ZlcnNpb24iOiIxIn0="
        }
      ]
    },
    {
      "module": "module.iam_roles",
      "mode": "managed",
      "type": "aws_iam_policy",
      "name": "lambda_policy",
      "provider": "provider[\"registry.terraform.io/hashicorp/aws\"]",
      "instances": [
        {
          "schema_version": 0,
          "attributes": {
            "arn": "arn:aws:iam::202533534284:policy/LambdaPolicy",
            "attachment_count": 1,
            "description": "",
            "id": "arn:aws:iam::202533534284:policy/LambdaPolicy",
            "name": "LambdaPolicy",
            "name_prefix": "",
            "path": "/",
            "policy": "{\"Statement\":[{\"Action\":[\"dynamodb:UpdateItem\",\"dynamodb:GetItem\"],\"Effect\":\"Allow\",\"Resource\":\"arn:aws:dynamodb:*:*:table/VisitorCounter\"},{\"Action\":[\"s3:GetObject\"],\"Effect\":\"Allow\",\"Resource\":\"arn:aws:s3:::prafuls-resume-stored-tf/*\"}],\"Version\":\"2012-10-17\"}",
            "policy_id": "ANPAS6J7QPJGJ2HBDNZL7",
            "tags": {},
            "tags_all": {}
          },
          "sensitive_attributes": [],
          "private": "bnVsbA==",
          "dependencies": [
            "module.dynamodb_table.aws_dynamodb_table.visitor_counter",
            "module.s3_static_website.aws_s3_bucket.resume_bucket"
          ]
        }
      ]
    },
    {
      "module": "module.iam_roles",
      "mode": "managed",
      "type": "aws_iam_policy",
      "name": "resume_bucket_policy",
      "provider": "provider[\"registry.terraform.io/hashicorp/aws\"]",
      "instances": [
        {
          "schema_version": 0,
          "attributes": {
            "arn": "arn:aws:iam::202533534284:policy/ResumeBucketAccessPolicy",
            "attachment_count": 0,
            "description": "Policy to allow access to objects in the resume bucket",
            "id": "arn:aws:iam::202533534284:policy/ResumeBucketAccessPolicy",
            "name": "ResumeBucketAccessPolicy",
            "name_prefix": "",
            "path": "/",
            "policy": "{\"Statement\":[{\"Action\":[\"s3:GetObject\",\"s3:ListBucket\",\"s3:PutBucketPolicy\"],\"Effect\":\"Allow\",\"Resource\":[\"arn:aws:s3:::prafuls-resume-stored-tf\",\"arn:aws:s3:::prafuls-resume-stored-tf/*\"]}],\"Version\":\"2012-10-17\"}",
            "policy_id": "ANPAS6J7QPJGEC7PAW6UE",
            "tags": null,
            "tags_all": {}
          },
          "sensitive_attributes": [],
          "private": "bnVsbA==",
          "dependencies": [
            "module.s3_static_website.aws_s3_bucket.resume_bucket"
          ]
        }
      ]
    },
    {
      "module": "module.iam_roles",
      "mode": "managed",
      "type": "aws_iam_role",
      "name": "lambda_exec_role",
      "provider": "provider[\"registry.terraform.io/hashicorp/aws\"]",
      "instances": [
        {
          "schema_version": 0,
          "attributes": {
            "arn": "arn:aws:iam::202533534284:role/lambda_exec_role",
            "assume_role_policy": "{\"Statement\":[{\"Action\":\"sts:AssumeRole\",\"Effect\":\"Allow\",\"Principal\":{\"Service\":\"lambda.amazonaws.com\"}}],\"Version\":\"2012-10-17\"}",
            "create_date": "2024-11-08T22:31:19Z",
            "description": "",
            "force_detach_policies": false,
            "id": "lambda_exec_role",
            "inline_policy": [],
            "managed_policy_arns": [
              "arn:aws:iam::202533534284:policy/LambdaPolicy"
            ],
            "max_session_duration": 3600,
            "name": "lambda_exec_role",
            "name_prefix": "",
            "path": "/",
            "permissions_boundary": "",
            "tags": {},
            "tags_all": {},
            "unique_id": "AROAS6J7QPJGDCLI3EVNA"
          },
          "sensitive_attributes": [],
          "private": "bnVsbA=="
        }
      ]
    },
    {
      "module": "module.iam_roles",
      "mode": "managed",
      "type": "aws_iam_role",
      "name": "resume_bucket_access_role",
      "provider": "provider[\"registry.terraform.io/hashicorp/aws\"]",
      "instances": [
        {
          "schema_version": 0,
          "attributes": {
            "arn": "arn:aws:iam::202533534284:role/resume_bucket_access_role",
            "assume_role_policy": "{\"Statement\":[{\"Action\":\"sts:AssumeRole\",\"Effect\":\"Allow\",\"Principal\":{\"Service\":\"lambda.amazonaws.com\"}}],\"Version\":\"2012-10-17\"}",
            "create_date": "2024-11-09T02:43:53Z",
            "description": "",
            "force_detach_policies": false,
            "id": "resume_bucket_access_role",
            "inline_policy": [],
            "managed_policy_arns": [],
            "max_session_duration": 3600,
            "name": "resume_bucket_access_role",
            "name_prefix": "",
            "path": "/",
            "permissions_boundary": "",
            "tags": {},
            "tags_all": {},
            "unique_id": "AROAS6J7QPJGLF52KVQEE"
          },
          "sensitive_attributes": [],
          "private": "bnVsbA=="
        }
      ]
    },
    {
      "module": "module.iam_roles",
      "mode": "managed",
      "type": "aws_iam_role_policy_attachment",
      "name": "lambda_attach",
      "provider": "provider[\"registry.terraform.io/hashicorp/aws\"]",
      "instances": [
        {
          "schema_version": 0,
          "attributes": {
            "id": "lambda_exec_role-20241108223119514600000001",
            "policy_arn": "arn:aws:iam::202533534284:policy/LambdaPolicy",
            "role": "lambda_exec_role"
          },
          "sensitive_attributes": [],
          "private": "bnVsbA==",
          "dependencies": [
            "module.dynamodb_table.aws_dynamodb_table.visitor_counter",
            "module.iam_roles.aws_iam_policy.lambda_policy",
            "module.iam_roles.aws_iam_role.lambda_exec_role",
            "module.s3_static_website.aws_s3_bucket.resume_bucket"
          ]
        }
      ]
    },
    {
      "module": "module.iam_roles",
      "mode": "managed",
      "type": "aws_iam_role_policy_attachment",
      "name": "resume_bucket_policy_attachment",
      "provider": "provider[\"registry.terraform.io/hashicorp/aws\"]",
      "instances": [
        {
          "schema_version": 0,
          "attributes": {
            "id": "resume_bucket_access_role-20241109024706850300000001",
            "policy_arn": "arn:aws:iam::202533534284:policy/ResumeBucketAccessPolicy",
            "role": "resume_bucket_access_role"
          },
          "sensitive_attributes": [],
          "private": "bnVsbA==",
          "dependencies": [
            "module.iam_roles.aws_iam_policy.resume_bucket_policy",
            "module.iam_roles.aws_iam_role.resume_bucket_access_role",
            "module.s3_static_website.aws_s3_bucket.resume_bucket"
          ]
        }
      ]
    },
    {
      "module": "module.lambda_functions",
      "mode": "data",
      "type": "archive_file",
      "name": "download_function",
      "provider": "provider[\"registry.terraform.io/hashicorp/archive\"]",
      "instances": [
        {
          "schema_version": 0,
          "attributes": {
            "exclude_symlink_directories": null,
            "excludes": null,
            "id": "f61e1cf04dbac5e5897275cd551753a10d348762",
            "output_base64sha256": "riOhuAY+r18CgWcucalPIewrq0UclPq8sDJOBPkw14o=",
            "output_base64sha512": "JVAvwbIkKfdyMw7qSlQxKO8wNpBDQ66IccdCo0mXo5oR9yRG9apOZGloUeeY3BcxM5hIp7kuvWE0TQ8ZjMzONw==",
            "output_file_mode": null,
            "output_md5": "f2e093670d61bef416b6d5c1aef6a1a4",
            "output_path": "lambda_functions/code/resumeDownload.zip",
            "output_sha": "f61e1cf04dbac5e5897275cd551753a10d348762",
            "output_sha256": "ae23a1b8063eaf5f0281672e71a94f21ec2bab451c94fabcb0324e04f930d78a",
            "output_sha512": "25502fc1b22429f772330eea4a543128ef3036904343ae8871c742a34997a39a11f72446f5aa4e64696851e798dc1731339848a7b92ebd61344d0f198cccce37",
            "output_size": 698,
            "source": [],
            "source_content": null,
            "source_content_filename": null,
            "source_dir": null,
            "source_file": "lambda_functions/resumeDownload.py",
            "type": "zip"
          },
          "sensitive_attributes": []
        }
      ]
    },
    {
      "module": "module.lambda_functions",
      "mode": "data",
      "type": "archive_file",
      "name": "visitor_function",
      "provider": "provider[\"registry.terraform.io/hashicorp/archive\"]",
      "instances": [
        {
          "schema_version": 0,
          "attributes": {
            "exclude_symlink_directories": null,
            "excludes": null,
            "id": "75738817db4f05228816653b0878160e976f3b62",
            "output_base64sha256": "FPPUL/y6vOOlNrhE7oBSb24PEGhsOskrFhkwfm+TnKM=",
            "output_base64sha512": "zH2LSXIIUTbyIq/syg96sQLE+XvIF1FOVbR1I5B3iGd6QUG1Yf1ZEWIaojB8dH2hwyl01pDGcjCe+zyqL12TPg==",
            "output_file_mode": null,
            "output_md5": "da4e4dfa5866f4d41a01061cef759e7e",
            "output_path": "lambda_functions/code/visitorCounter.zip",
            "output_sha": "75738817db4f05228816653b0878160e976f3b62",
            "output_sha256": "14f3d42ffcbabce3a536b844ee80526f6e0f10686c3ac92b1619307e6f939ca3",
            "output_sha512": "cc7d8b4972085136f222afecca0f7ab102c4f97bc817514e55b47523907788677a4141b561fd5911621aa2307c747da1c32974d690c672309efb3caa2f5d933e",
            "output_size": 887,
            "source": [],
            "source_content": null,
            "source_content_filename": null,
            "source_dir": null,
            "source_file": "lambda_functions/visitorCounter.py",
            "type": "zip"
          },
          "sensitive_attributes": []
        }
      ]
    },
    {
      "module": "module.lambda_functions",
      "mode": "managed",
      "type": "aws_lambda_function",
      "name": "download_function",
      "provider": "provider[\"registry.terraform.io/hashicorp/aws\"]",
      "instances": [
        {
          "schema_version": 0,
          "attributes": {
            "architectures": [
              "x86_64"
            ],
            "arn": "arn:aws:lambda:us-east-1:202533534284:function:download-function",
            "code_sha256": "riOhuAY+r18CgWcucalPIewrq0UclPq8sDJOBPkw14o=",
            "code_signing_config_arn": "",
            "dead_letter_config": [],
            "description": "",
            "environment": [
              {
                "variables": {
                  "S3_BUCKET_NAME": "prafuls-resume-stored-tf"
                }
              }
            ],
            "ephemeral_storage": [
              {
                "size": 512
              }
            ],
            "file_system_config": [],
            "filename": "lambda_functions/code/resumeDownload.zip",
            "function_name": "download-function",
            "handler": "resumeDownload.lambda_handler",
            "id": "download-function",
            "image_config": [],
            "image_uri": "",
            "invoke_arn": "arn:aws:apigateway:us-east-1:lambda:path/2015-03-31/functions/arn:aws:lambda:us-east-1:202533534284:function:download-function/invocations",
            "kms_key_arn": "",
            "last_modified": "2024-11-08T22:31:28.000+0000",
            "layers": [],
            "logging_config": [
              {
                "application_log_level": "",
                "log_format": "Text",
                "log_group": "/aws/lambda/download-function",
                "system_log_level": ""
              }
            ],
            "memory_size": 128,
            "package_type": "Zip",
            "publish": false,
            "qualified_arn": "arn:aws:lambda:us-east-1:202533534284:function:download-function:$LATEST",
            "qualified_invoke_arn": "arn:aws:apigateway:us-east-1:lambda:path/2015-03-31/functions/arn:aws:lambda:us-east-1:202533534284:function:download-function:$LATEST/invocations",
            "replace_security_groups_on_destroy": null,
            "replacement_security_group_ids": null,
            "reserved_concurrent_executions": -1,
            "role": "arn:aws:iam::202533534284:role/lambda_exec_role",
            "runtime": "python3.9",
            "s3_bucket": null,
            "s3_key": null,
            "s3_object_version": null,
            "signing_job_arn": "",
            "signing_profile_version_arn": "",
            "skip_destroy": false,
            "snap_start": [],
            "source_code_hash": "",
            "source_code_size": 698,
            "tags": {},
            "tags_all": {},
            "timeout": 3,
            "timeouts": null,
            "tracing_config": [
              {
                "mode": "PassThrough"
              }
            ],
            "version": "$LATEST",
            "vpc_config": []
          },
          "sensitive_attributes": [],
          "private": "eyJlMmJmYjczMC1lY2FhLTExZTYtOGY4OC0zNDM2M2JjN2M0YzAiOnsiY3JlYXRlIjo2MDAwMDAwMDAwMDAsImRlbGV0ZSI6NjAwMDAwMDAwMDAwLCJ1cGRhdGUiOjYwMDAwMDAwMDAwMH19",
          "dependencies": [
            "module.iam_roles.aws_iam_role.lambda_exec_role",
            "module.lambda_functions.data.archive_file.download_function",
            "module.s3_static_website.aws_s3_bucket.resume_bucket"
          ]
        }
      ]
    },
    {
      "module": "module.lambda_functions",
      "mode": "managed",
      "type": "aws_lambda_function",
      "name": "visitor_function",
      "provider": "provider[\"registry.terraform.io/hashicorp/aws\"]",
      "instances": [
        {
          "schema_version": 0,
          "attributes": {
            "architectures": [
              "x86_64"
            ],
            "arn": "arn:aws:lambda:us-east-1:202533534284:function:visitor-function",
            "code_sha256": "FPPUL/y6vOOlNrhE7oBSb24PEGhsOskrFhkwfm+TnKM=",
            "code_signing_config_arn": "",
            "dead_letter_config": [],
            "description": "",
            "environment": [
              {
                "variables": {
                  "DYNAMODB_TABLE_NAME": "VisitorCounter"
                }
              }
            ],
            "ephemeral_storage": [
              {
                "size": 512
              }
            ],
            "file_system_config": [],
            "filename": "lambda_functions/code/visitorCounter.zip",
            "function_name": "visitor-function",
            "handler": "visitorCounter.lambda_handler",
            "id": "visitor-function",
            "image_config": [],
            "image_uri": "",
            "invoke_arn": "arn:aws:apigateway:us-east-1:lambda:path/2015-03-31/functions/arn:aws:lambda:us-east-1:202533534284:function:visitor-function/invocations",
            "kms_key_arn": "",
            "last_modified": "2024-11-08T22:31:28.000+0000",
            "layers": [],
            "logging_config": [
              {
                "application_log_level": "",
                "log_format": "Text",
                "log_group": "/aws/lambda/visitor-function",
                "system_log_level": ""
              }
            ],
            "memory_size": 128,
            "package_type": "Zip",
            "publish": false,
            "qualified_arn": "arn:aws:lambda:us-east-1:202533534284:function:visitor-function:$LATEST",
            "qualified_invoke_arn": "arn:aws:apigateway:us-east-1:lambda:path/2015-03-31/functions/arn:aws:lambda:us-east-1:202533534284:function:visitor-function:$LATEST/invocations",
            "replace_security_groups_on_destroy": null,
            "replacement_security_group_ids": null,
            "reserved_concurrent_executions": -1,
            "role": "arn:aws:iam::202533534284:role/lambda_exec_role",
            "runtime": "python3.9",
            "s3_bucket": null,
            "s3_key": null,
            "s3_object_version": null,
            "signing_job_arn": "",
            "signing_profile_version_arn": "",
            "skip_destroy": false,
            "snap_start": [],
            "source_code_hash": "",
            "source_code_size": 887,
            "tags": {},
            "tags_all": {},
            "timeout": 3,
            "timeouts": null,
            "tracing_config": [
              {
                "mode": "PassThrough"
              }
            ],
            "version": "$LATEST",
            "vpc_config": []
          },
          "sensitive_attributes": [],
          "private": "eyJlMmJmYjczMC1lY2FhLTExZTYtOGY4OC0zNDM2M2JjN2M0YzAiOnsiY3JlYXRlIjo2MDAwMDAwMDAwMDAsImRlbGV0ZSI6NjAwMDAwMDAwMDAwLCJ1cGRhdGUiOjYwMDAwMDAwMDAwMH19",
          "dependencies": [
            "module.dynamodb_table.aws_dynamodb_table.visitor_counter",
            "module.iam_roles.aws_iam_role.lambda_exec_role",
            "module.lambda_functions.data.archive_file.visitor_function"
          ]
        }
      ]
    },
    {
      "module": "module.s3_static_website",
      "mode": "managed",
      "type": "aws_s3_bucket",
      "name": "lambda_bucket",
      "provider": "provider[\"registry.terraform.io/hashicorp/aws\"]",
      "instances": [
        {
          "schema_version": 0,
          "attributes": {
            "acceleration_status": "",
            "acl": "private",
            "arn": "arn:aws:s3:::lambda-function-bucket-tf",
            "bucket": "lambda-function-bucket-tf",
            "bucket_domain_name": "lambda-function-bucket-tf.s3.amazonaws.com",
            "bucket_prefix": "",
            "bucket_regional_domain_name": "lambda-function-bucket-tf.s3.us-east-1.amazonaws.com",
            "cors_rule": [],
            "force_destroy": false,
            "grant": [
              {
                "id": "b82fb370bcca31e18416ea2087840eacc4bf133e4c36626c8e207c29ef0fa82e",
                "permissions": [
                  "FULL_CONTROL"
                ],
                "type": "CanonicalUser",
                "uri": ""
              }
            ],
            "hosted_zone_id": "Z3AQBSTGFYJSTF",
            "id": "lambda-function-bucket-tf",
            "lifecycle_rule": [],
            "logging": [],
            "object_lock_configuration": [],
            "object_lock_enabled": false,
            "policy": "",
            "region": "us-east-1",
            "replication_configuration": [],
            "request_payer": "BucketOwner",
            "server_side_encryption_configuration": [
              {
                "rule": [
                  {
                    "apply_server_side_encryption_by_default": [
                      {
                        "kms_master_key_id": "",
                        "sse_algorithm": "AES256"
                      }
                    ],
                    "bucket_key_enabled": false
                  }
                ]
              }
            ],
            "tags": {},
            "tags_all": {},
            "timeouts": null,
            "versioning": [
              {
                "enabled": false,
                "mfa_delete": false
              }
            ],
            "website": [],
            "website_domain": null,
            "website_endpoint": null
          },
          "sensitive_attributes": [],
          "private": "eyJlMmJmYjczMC1lY2FhLTExZTYtOGY4OC0zNDM2M2JjN2M0YzAiOnsiY3JlYXRlIjoxMjAwMDAwMDAwMDAwLCJkZWxldGUiOjM2MDAwMDAwMDAwMDAsInJlYWQiOjEyMDAwMDAwMDAwMDAsInVwZGF0ZSI6MTIwMDAwMDAwMDAwMH19"
        }
      ]
    },
    {
      "module": "module.s3_static_website",
      "mode": "managed",
      "type": "aws_s3_bucket",
      "name": "resume_bucket",
      "provider": "provider[\"registry.terraform.io/hashicorp/aws\"]",
      "instances": [
        {
          "schema_version": 0,
          "attributes": {
            "acceleration_status": "",
            "acl": "private",
            "arn": "arn:aws:s3:::prafuls-resume-stored-tf",
            "bucket": "prafuls-resume-stored-tf",
            "bucket_domain_name": "prafuls-resume-stored-tf.s3.amazonaws.com",
            "bucket_prefix": "",
            "bucket_regional_domain_name": "prafuls-resume-stored-tf.s3.us-east-1.amazonaws.com",
            "cors_rule": [],
            "force_destroy": false,
            "grant": [
              {
                "id": "b82fb370bcca31e18416ea2087840eacc4bf133e4c36626c8e207c29ef0fa82e",
                "permissions": [
                  "FULL_CONTROL"
                ],
                "type": "CanonicalUser",
                "uri": ""
              }
            ],
            "hosted_zone_id": "Z3AQBSTGFYJSTF",
            "id": "prafuls-resume-stored-tf",
            "lifecycle_rule": [],
            "logging": [],
            "object_lock_configuration": [],
            "object_lock_enabled": false,
            "policy": "",
            "region": "us-east-1",
            "replication_configuration": [],
            "request_payer": "BucketOwner",
            "server_side_encryption_configuration": [
              {
                "rule": [
                  {
                    "apply_server_side_encryption_by_default": [
                      {
                        "kms_master_key_id": "",
                        "sse_algorithm": "AES256"
                      }
                    ],
                    "bucket_key_enabled": false
                  }
                ]
              }
            ],
            "tags": {},
            "tags_all": {},
            "timeouts": null,
            "versioning": [
              {
                "enabled": false,
                "mfa_delete": false
              }
            ],
            "website": [],
            "website_domain": null,
            "website_endpoint": null
          },
          "sensitive_attributes": [],
          "private": "eyJlMmJmYjczMC1lY2FhLTExZTYtOGY4OC0zNDM2M2JjN2M0YzAiOnsiY3JlYXRlIjoxMjAwMDAwMDAwMDAwLCJkZWxldGUiOjM2MDAwMDAwMDAwMDAsInJlYWQiOjEyMDAwMDAwMDAwMDAsInVwZGF0ZSI6MTIwMDAwMDAwMDAwMH19"
        }
      ]
    },
    {
      "module": "module.s3_static_website",
      "mode": "managed",
      "type": "aws_s3_bucket",
      "name": "website_bucket",
      "provider": "provider[\"registry.terraform.io/hashicorp/aws\"]",
      "instances": [
        {
          "schema_version": 0,
          "attributes": {
            "acceleration_status": "",
            "acl": "private",
            "arn": "arn:aws:s3:::prafuls-static-web-2025-tf",
            "bucket": "prafuls-static-web-2025-tf",
            "bucket_domain_name": "prafuls-static-web-2025-tf.s3.amazonaws.com",
            "bucket_prefix": "",
            "bucket_regional_domain_name": "prafuls-static-web-2025-tf.s3.us-east-1.amazonaws.com",
            "cors_rule": [],
            "force_destroy": false,
            "grant": [
              {
                "id": "b82fb370bcca31e18416ea2087840eacc4bf133e4c36626c8e207c29ef0fa82e",
                "permissions": [
                  "FULL_CONTROL"
                ],
                "type": "CanonicalUser",
                "uri": ""
              }
            ],
            "hosted_zone_id": "Z3AQBSTGFYJSTF",
            "id": "prafuls-static-web-2025-tf",
            "lifecycle_rule": [],
            "logging": [],
            "object_lock_configuration": [],
            "object_lock_enabled": false,
            "policy": "",
            "region": "us-east-1",
            "replication_configuration": [],
            "request_payer": "BucketOwner",
            "server_side_encryption_configuration": [
              {
                "rule": [
                  {
                    "apply_server_side_encryption_by_default": [
                      {
                        "kms_master_key_id": "",
                        "sse_algorithm": "AES256"
                      }
                    ],
                    "bucket_key_enabled": false
                  }
                ]
              }
            ],
            "tags": {},
            "tags_all": {},
            "timeouts": null,
            "versioning": [
              {
                "enabled": false,
                "mfa_delete": false
              }
            ],
            "website": [
              {
                "error_document": "error.html",
                "index_document": "index.html",
                "redirect_all_requests_to": "",
                "routing_rules": ""
              }
            ],
            "website_domain": "s3-website-us-east-1.amazonaws.com",
            "website_endpoint": "prafuls-static-web-2025-tf.s3-website-us-east-1.amazonaws.com"
          },
          "sensitive_attributes": [],
          "private": "eyJlMmJmYjczMC1lY2FhLTExZTYtOGY4OC0zNDM2M2JjN2M0YzAiOnsiY3JlYXRlIjoxMjAwMDAwMDAwMDAwLCJkZWxldGUiOjM2MDAwMDAwMDAwMDAsInJlYWQiOjEyMDAwMDAwMDAwMDAsInVwZGF0ZSI6MTIwMDAwMDAwMDAwMH19"
        }
      ]
    },
    {
      "module": "module.s3_static_website",
      "mode": "managed",
      "type": "aws_s3_bucket_website_configuration",
      "name": "website_config",
      "provider": "provider[\"registry.terraform.io/hashicorp/aws\"]",
      "instances": [
        {
          "schema_version": 0,
          "attributes": {
            "bucket": "prafuls-static-web-2025-tf",
            "error_document": [
              {
                "key": "error.html"
              }
            ],
            "expected_bucket_owner": "",
            "id": "prafuls-static-web-2025-tf",
            "index_document": [
              {
                "suffix": "index.html"
              }
            ],
            "redirect_all_requests_to": [],
            "routing_rule": [],
            "routing_rules": "",
            "website_domain": "s3-website-us-east-1.amazonaws.com",
            "website_endpoint": "prafuls-static-web-2025-tf.s3-website-us-east-1.amazonaws.com"
          },
          "sensitive_attributes": [],
          "private": "bnVsbA==",
          "dependencies": [
            "module.s3_static_website.aws_s3_bucket.website_bucket"
          ]
        }
      ]
    },
    {
      "module": "module.s3_static_website",
      "mode": "managed",
      "type": "aws_s3_object",
      "name": "resume_pdf",
      "provider": "provider[\"registry.terraform.io/hashicorp/aws\"]",
      "instances": [
        {
          "schema_version": 0,
          "attributes": {
            "acl": "private",
            "arn": "arn:aws:s3:::prafuls-resume-stored-tf/sample_resume.pdf",
            "bucket": "prafuls-resume-stored-tf",
            "bucket_key_enabled": false,
            "cache_control": "",
            "checksum_algorithm": null,
            "checksum_crc32": "",
            "checksum_crc32c": "",
            "checksum_sha1": "",
            "checksum_sha256": "",
            "content": null,
            "content_base64": null,
            "content_disposition": "",
            "content_encoding": "",
            "content_language": "",
            "content_type": "application/octet-stream",
            "etag": "784b7495832195f602cffd5c9634f293",
            "force_destroy": false,
            "id": "sample_resume.pdf",
            "key": "sample_resume.pdf",
            "kms_key_id": null,
            "metadata": {},
            "object_lock_legal_hold_status": "",
            "object_lock_mode": "",
            "object_lock_retain_until_date": "",
            "override_provider": [],
            "server_side_encryption": "AES256",
            "source": "s3_static_website/files/sample_resume.pdf",
            "source_hash": null,
            "storage_class": "STANDARD",
            "tags": {},
            "tags_all": {},
            "version_id": "",
            "website_redirect": ""
          },
          "sensitive_attributes": [],
          "private": "bnVsbA==",
          "dependencies": [
            "module.s3_static_website.aws_s3_bucket.resume_bucket"
          ]
        }
      ]
    },
    {
      "module": "module.s3_static_website",
      "mode": "managed",
      "type": "null_resource",
      "name": "upload_static_website",
      "provider": "provider[\"registry.terraform.io/hashicorp/null\"]",
      "instances": [
        {
          "schema_version": 0,
          "attributes": {
            "id": "8787320516385655885",
            "triggers": null
          },
          "sensitive_attributes": [],
          "dependencies": [
            "module.s3_static_website.aws_s3_bucket.website_bucket"
          ]
        }
      ]
    }
  ],
  "check_results": null
}
